// !$*UTF8*$!
{
	archiveVersion = 1;
	classes = {
	};
	objectVersion = 46;
	objects = {

/* Begin PBXBuildFile section */
		0D02FEC21E21BDF10077B067 /* LYSBaseCtrl.m in Sources */ = {isa = PBXBuildFile; fileRef = 0D02FEC11E21BDF10077B067 /* LYSBaseCtrl.m */; };
		0D02FEC51E21C1360077B067 /* TestViewController.m in Sources */ = {isa = PBXBuildFile; fileRef = 0D02FEC41E21C1360077B067 /* TestViewController.m */; };
		0D4251571E28A8AF0057D7BE /* DrawViewController.m in Sources */ = {isa = PBXBuildFile; fileRef = 0D4251561E28A8AF0057D7BE /* DrawViewController.m */; };
		0D4251641E28BD380057D7BE /* LYSCalendar.m in Sources */ = {isa = PBXBuildFile; fileRef = 0D4251631E28BD380057D7BE /* LYSCalendar.m */; };
		0D4251691E28BED80057D7BE /* LYSCalendarHeaderView.m in Sources */ = {isa = PBXBuildFile; fileRef = 0D4251681E28BED80057D7BE /* LYSCalendarHeaderView.m */; };
		0D42516C1E28C0270057D7BE /* LYSCalendarFooterView.m in Sources */ = {isa = PBXBuildFile; fileRef = 0D42516B1E28C0270057D7BE /* LYSCalendarFooterView.m */; };
		0D42516F1E28C1720057D7BE /* LYSCalendarPageView.m in Sources */ = {isa = PBXBuildFile; fileRef = 0D42516E1E28C1720057D7BE /* LYSCalendarPageView.m */; };
		0D4251721E28C18E0057D7BE /* LYSCalendarPageStartView.m in Sources */ = {isa = PBXBuildFile; fileRef = 0D4251711E28C18E0057D7BE /* LYSCalendarPageStartView.m */; };
		0D4251751E28C1A30057D7BE /* LYSCalendarPageEndView.m in Sources */ = {isa = PBXBuildFile; fileRef = 0D4251741E28C1A30057D7BE /* LYSCalendarPageEndView.m */; };
		0D4251781E28CF370057D7BE /* LYSCalendarDayView.m in Sources */ = {isa = PBXBuildFile; fileRef = 0D4251771E28CF370057D7BE /* LYSCalendarDayView.m */; };
		0DB2B2F51E1CA0E700AD6B75 /* main.m in Sources */ = {isa = PBXBuildFile; fileRef = 0DB2B2F41E1CA0E700AD6B75 /* main.m */; };
		0DB2B2F81E1CA0E700AD6B75 /* AppDelegate.m in Sources */ = {isa = PBXBuildFile; fileRef = 0DB2B2F71E1CA0E700AD6B75 /* AppDelegate.m */; };
		0DB2B2FB1E1CA0E700AD6B75 /* ViewController.m in Sources */ = {isa = PBXBuildFile; fileRef = 0DB2B2FA1E1CA0E700AD6B75 /* ViewController.m */; };
		0DB2B2FE1E1CA0E700AD6B75 /* Main.storyboard in Resources */ = {isa = PBXBuildFile; fileRef = 0DB2B2FC1E1CA0E700AD6B75 /* Main.storyboard */; };
		0DB2B3001E1CA0E700AD6B75 /* Assets.xcassets in Resources */ = {isa = PBXBuildFile; fileRef = 0DB2B2FF1E1CA0E700AD6B75 /* Assets.xcassets */; };
		0DB2B3031E1CA0E700AD6B75 /* LaunchScreen.storyboard in Resources */ = {isa = PBXBuildFile; fileRef = 0DB2B3011E1CA0E700AD6B75 /* LaunchScreen.storyboard */; };
		22072BEFA2BD60105E67217F /* libPods-LYSCalendar.a in Frameworks */ = {isa = PBXBuildFile; fileRef = CD01218A3944642B1B7A56C9 /* libPods-LYSCalendar.a */; };
/* End PBXBuildFile section */

/* Begin PBXFileReference section */
		0D02FEC01E21BDF10077B067 /* LYSBaseCtrl.h */ = {isa = PBXFileReference; fileEncoding = 4; lastKnownFileType = sourcecode.c.h; path = LYSBaseCtrl.h; sourceTree = "<group>"; };
		0D02FEC11E21BDF10077B067 /* LYSBaseCtrl.m */ = {isa = PBXFileReference; fileEncoding = 4; lastKnownFileType = sourcecode.c.objc; path = LYSBaseCtrl.m; sourceTree = "<group>"; };
		0D02FEC31E21C1360077B067 /* TestViewController.h */ = {isa = PBXFileReference; fileEncoding = 4; lastKnownFileType = sourcecode.c.h; path = TestViewController.h; sourceTree = "<group>"; };
		0D02FEC41E21C1360077B067 /* TestViewController.m */ = {isa = PBXFileReference; fileEncoding = 4; lastKnownFileType = sourcecode.c.objc; path = TestViewController.m; sourceTree = "<group>"; };
		0D4251551E28A8AF0057D7BE /* DrawViewController.h */ = {isa = PBXFileReference; fileEncoding = 4; lastKnownFileType = sourcecode.c.h; path = DrawViewController.h; sourceTree = "<group>"; };
		0D4251561E28A8AF0057D7BE /* DrawViewController.m */ = {isa = PBXFileReference; fileEncoding = 4; lastKnownFileType = sourcecode.c.objc; path = DrawViewController.m; sourceTree = "<group>"; };
		0D42515D1E28B6460057D7BE /* LYSCalendarDelegate.h */ = {isa = PBXFileReference; fileEncoding = 4; lastKnownFileType = sourcecode.c.h; path = LYSCalendarDelegate.h; sourceTree = "<group>"; };
		0D4251621E28BD380057D7BE /* LYSCalendar.h */ = {isa = PBXFileReference; fileEncoding = 4; lastKnownFileType = sourcecode.c.h; path = LYSCalendar.h; sourceTree = "<group>"; };
		0D4251631E28BD380057D7BE /* LYSCalendar.m */ = {isa = PBXFileReference; fileEncoding = 4; lastKnownFileType = sourcecode.c.objc; path = LYSCalendar.m; sourceTree = "<group>"; };
		0D4251651E28BD4E0057D7BE /* LYSCalendarHeader.h */ = {isa = PBXFileReference; lastKnownFileType = sourcecode.c.h; path = LYSCalendarHeader.h; sourceTree = "<group>"; };
		0D4251671E28BED80057D7BE /* LYSCalendarHeaderView.h */ = {isa = PBXFileReference; fileEncoding = 4; lastKnownFileType = sourcecode.c.h; path = LYSCalendarHeaderView.h; sourceTree = "<group>"; };
		0D4251681E28BED80057D7BE /* LYSCalendarHeaderView.m */ = {isa = PBXFileReference; fileEncoding = 4; lastKnownFileType = sourcecode.c.objc; path = LYSCalendarHeaderView.m; sourceTree = "<group>"; };
		0D42516A1E28C0270057D7BE /* LYSCalendarFooterView.h */ = {isa = PBXFileReference; fileEncoding = 4; lastKnownFileType = sourcecode.c.h; path = LYSCalendarFooterView.h; sourceTree = "<group>"; };
		0D42516B1E28C0270057D7BE /* LYSCalendarFooterView.m */ = {isa = PBXFileReference; fileEncoding = 4; lastKnownFileType = sourcecode.c.objc; path = LYSCalendarFooterView.m; sourceTree = "<group>"; };
		0D42516D1E28C1720057D7BE /* LYSCalendarPageView.h */ = {isa = PBXFileReference; fileEncoding = 4; lastKnownFileType = sourcecode.c.h; path = LYSCalendarPageView.h; sourceTree = "<group>"; };
		0D42516E1E28C1720057D7BE /* LYSCalendarPageView.m */ = {isa = PBXFileReference; fileEncoding = 4; lastKnownFileType = sourcecode.c.objc; path = LYSCalendarPageView.m; sourceTree = "<group>"; };
		0D4251701E28C18E0057D7BE /* LYSCalendarPageStartView.h */ = {isa = PBXFileReference; fileEncoding = 4; lastKnownFileType = sourcecode.c.h; path = LYSCalendarPageStartView.h; sourceTree = "<group>"; };
		0D4251711E28C18E0057D7BE /* LYSCalendarPageStartView.m */ = {isa = PBXFileReference; fileEncoding = 4; lastKnownFileType = sourcecode.c.objc; path = LYSCalendarPageStartView.m; sourceTree = "<group>"; };
		0D4251731E28C1A30057D7BE /* LYSCalendarPageEndView.h */ = {isa = PBXFileReference; fileEncoding = 4; lastKnownFileType = sourcecode.c.h; path = LYSCalendarPageEndView.h; sourceTree = "<group>"; };
		0D4251741E28C1A30057D7BE /* LYSCalendarPageEndView.m */ = {isa = PBXFileReference; fileEncoding = 4; lastKnownFileType = sourcecode.c.objc; path = LYSCalendarPageEndView.m; sourceTree = "<group>"; };
		0D4251761E28CF370057D7BE /* LYSCalendarDayView.h */ = {isa = PBXFileReference; fileEncoding = 4; lastKnownFileType = sourcecode.c.h; path = LYSCalendarDayView.h; sourceTree = "<group>"; };
		0D4251771E28CF370057D7BE /* LYSCalendarDayView.m */ = {isa = PBXFileReference; fileEncoding = 4; lastKnownFileType = sourcecode.c.objc; path = LYSCalendarDayView.m; sourceTree = "<group>"; };
		0DB2B2F01E1CA0E700AD6B75 /* LYSCalendar.app */ = {isa = PBXFileReference; explicitFileType = wrapper.application; includeInIndex = 0; path = LYSCalendar.app; sourceTree = BUILT_PRODUCTS_DIR; };
		0DB2B2F41E1CA0E700AD6B75 /* main.m */ = {isa = PBXFileReference; lastKnownFileType = sourcecode.c.objc; path = main.m; sourceTree = "<group>"; };
		0DB2B2F61E1CA0E700AD6B75 /* AppDelegate.h */ = {isa = PBXFileReference; lastKnownFileType = sourcecode.c.h; path = AppDelegate.h; sourceTree = "<group>"; };
		0DB2B2F71E1CA0E700AD6B75 /* AppDelegate.m */ = {isa = PBXFileReference; lastKnownFileType = sourcecode.c.objc; path = AppDelegate.m; sourceTree = "<group>"; };
		0DB2B2F91E1CA0E700AD6B75 /* ViewController.h */ = {isa = PBXFileReference; lastKnownFileType = sourcecode.c.h; path = ViewController.h; sourceTree = "<group>"; };
		0DB2B2FA1E1CA0E700AD6B75 /* ViewController.m */ = {isa = PBXFileReference; lastKnownFileType = sourcecode.c.objc; path = ViewController.m; sourceTree = "<group>"; };
		0DB2B2FD1E1CA0E700AD6B75 /* Base */ = {isa = PBXFileReference; lastKnownFileType = file.storyboard; name = Base; path = Base.lproj/Main.storyboard; sourceTree = "<group>"; };
		0DB2B2FF1E1CA0E700AD6B75 /* Assets.xcassets */ = {isa = PBXFileReference; lastKnownFileType = folder.assetcatalog; path = Assets.xcassets; sourceTree = "<group>"; };
		0DB2B3021E1CA0E700AD6B75 /* Base */ = {isa = PBXFileReference; lastKnownFileType = file.storyboard; name = Base; path = Base.lproj/LaunchScreen.storyboard; sourceTree = "<group>"; };
		0DB2B3041E1CA0E700AD6B75 /* Info.plist */ = {isa = PBXFileReference; lastKnownFileType = text.plist.xml; path = Info.plist; sourceTree = "<group>"; };
		3666FA5256DC72718AC53524 /* Pods-LYSCalendar.debug.xcconfig */ = {isa = PBXFileReference; includeInIndex = 1; lastKnownFileType = text.xcconfig; name = "Pods-LYSCalendar.debug.xcconfig"; path = "Pods/Target Support Files/Pods-LYSCalendar/Pods-LYSCalendar.debug.xcconfig"; sourceTree = "<group>"; };
		7D2B2D6610DBB0E872628DC5 /* Pods-LYSCalendar.release.xcconfig */ = {isa = PBXFileReference; includeInIndex = 1; lastKnownFileType = text.xcconfig; name = "Pods-LYSCalendar.release.xcconfig"; path = "Pods/Target Support Files/Pods-LYSCalendar/Pods-LYSCalendar.release.xcconfig"; sourceTree = "<group>"; };
		CD01218A3944642B1B7A56C9 /* libPods-LYSCalendar.a */ = {isa = PBXFileReference; explicitFileType = archive.ar; includeInIndex = 0; path = "libPods-LYSCalendar.a"; sourceTree = BUILT_PRODUCTS_DIR; };
/* End PBXFileReference section */

/* Begin PBXFrameworksBuildPhase section */
		0DB2B2ED1E1CA0E700AD6B75 /* Frameworks */ = {
			isa = PBXFrameworksBuildPhase;
			buildActionMask = 2147483647;
			files = (
				22072BEFA2BD60105E67217F /* libPods-LYSCalendar.a in Frameworks */,
			);
			runOnlyForDeploymentPostprocessing = 0;
		};
/* End PBXFrameworksBuildPhase section */

/* Begin PBXGroup section */
		0D02FEBF1E21BDDC0077B067 /* Base */ = {
			isa = PBXGroup;
			children = (
				0D02FEC01E21BDF10077B067 /* LYSBaseCtrl.h */,
				0D02FEC11E21BDF10077B067 /* LYSBaseCtrl.m */,
			);
			name = Base;
			sourceTree = "<group>";
		};
		0D4251541E28A8880057D7BE /* New */ = {
			isa = PBXGroup;
			children = (
				0D4251551E28A8AF0057D7BE /* DrawViewController.h */,
				0D4251561E28A8AF0057D7BE /* DrawViewController.m */,
			);
			name = New;
			sourceTree = "<group>";
		};
		0D42515C1E28B6080057D7BE /* LYSCalendar */ = {
			isa = PBXGroup;
			children = (
				0D42515D1E28B6460057D7BE /* LYSCalendarDelegate.h */,
				0D4251651E28BD4E0057D7BE /* LYSCalendarHeader.h */,
				0D4251621E28BD380057D7BE /* LYSCalendar.h */,
				0D4251631E28BD380057D7BE /* LYSCalendar.m */,
				0D4251671E28BED80057D7BE /* LYSCalendarHeaderView.h */,
				0D4251681E28BED80057D7BE /* LYSCalendarHeaderView.m */,
				0D42516A1E28C0270057D7BE /* LYSCalendarFooterView.h */,
				0D42516B1E28C0270057D7BE /* LYSCalendarFooterView.m */,
				0D42516D1E28C1720057D7BE /* LYSCalendarPageView.h */,
				0D42516E1E28C1720057D7BE /* LYSCalendarPageView.m */,
				0D4251701E28C18E0057D7BE /* LYSCalendarPageStartView.h */,
				0D4251711E28C18E0057D7BE /* LYSCalendarPageStartView.m */,
				0D4251731E28C1A30057D7BE /* LYSCalendarPageEndView.h */,
				0D4251741E28C1A30057D7BE /* LYSCalendarPageEndView.m */,
				0D4251761E28CF370057D7BE /* LYSCalendarDayView.h */,
				0D4251771E28CF370057D7BE /* LYSCalendarDayView.m */,
			);
			path = LYSCalendar;
			sourceTree = "<group>";
		};
		0DB2B2E71E1CA0E700AD6B75 = {
			isa = PBXGroup;
			children = (
				0DB2B2F21E1CA0E700AD6B75 /* LYSCalendar */,
				0DB2B2F11E1CA0E700AD6B75 /* Products */,
				2966B9F7CB82FB20C2EBEDB0 /* Pods */,
				A0F46BAC9CB06439FE1CC005 /* Frameworks */,
			);
			sourceTree = "<group>";
		};
		0DB2B2F11E1CA0E700AD6B75 /* Products */ = {
			isa = PBXGroup;
			children = (
				0DB2B2F01E1CA0E700AD6B75 /* LYSCalendar.app */,
			);
			name = Products;
			sourceTree = "<group>";
		};
		0DB2B2F21E1CA0E700AD6B75 /* LYSCalendar */ = {
			isa = PBXGroup;
			children = (
				0DB2B2F61E1CA0E700AD6B75 /* AppDelegate.h */,
				0DB2B2F71E1CA0E700AD6B75 /* AppDelegate.m */,
				0DB2B2F91E1CA0E700AD6B75 /* ViewController.h */,
				0DB2B2FA1E1CA0E700AD6B75 /* ViewController.m */,
				0D42515C1E28B6080057D7BE /* LYSCalendar */,
				0D4251541E28A8880057D7BE /* New */,
				0D02FEBF1E21BDDC0077B067 /* Base */,
				0D02FEC31E21C1360077B067 /* TestViewController.h */,
				0D02FEC41E21C1360077B067 /* TestViewController.m */,
				0DB2B2FC1E1CA0E700AD6B75 /* Main.storyboard */,
				0DB2B2FF1E1CA0E700AD6B75 /* Assets.xcassets */,
				0DB2B3011E1CA0E700AD6B75 /* LaunchScreen.storyboard */,
				0DB2B3041E1CA0E700AD6B75 /* Info.plist */,
				0DB2B2F31E1CA0E700AD6B75 /* Supporting Files */,
			);
			path = LYSCalendar;
			sourceTree = "<group>";
		};
		0DB2B2F31E1CA0E700AD6B75 /* Supporting Files */ = {
			isa = PBXGroup;
			children = (
				0DB2B2F41E1CA0E700AD6B75 /* main.m */,
			);
			name = "Supporting Files";
			sourceTree = "<group>";
		};
		2966B9F7CB82FB20C2EBEDB0 /* Pods */ = {
			isa = PBXGroup;
			children = (
				3666FA5256DC72718AC53524 /* Pods-LYSCalendar.debug.xcconfig */,
				7D2B2D6610DBB0E872628DC5 /* Pods-LYSCalendar.release.xcconfig */,
			);
			name = Pods;
			sourceTree = "<group>";
		};
		A0F46BAC9CB06439FE1CC005 /* Frameworks */ = {
			isa = PBXGroup;
			children = (
				CD01218A3944642B1B7A56C9 /* libPods-LYSCalendar.a */,
			);
			name = Frameworks;
			sourceTree = "<group>";
		};
/* End PBXGroup section */

/* Begin PBXNativeTarget section */
		0DB2B2EF1E1CA0E700AD6B75 /* LYSCalendar */ = {
			isa = PBXNativeTarget;
			buildConfigurationList = 0DB2B3071E1CA0E700AD6B75 /* Build configuration list for PBXNativeTarget "LYSCalendar" */;
			buildPhases = (
				7A34A2F6E60AA52023F0ED27 /* [CP] Check Pods Manifest.lock */,
				0DB2B2EC1E1CA0E700AD6B75 /* Sources */,
				0DB2B2ED1E1CA0E700AD6B75 /* Frameworks */,
				0DB2B2EE1E1CA0E700AD6B75 /* Resources */,
				49749E07EBB19282EDD8C8DC /* [CP] Embed Pods Frameworks */,
				BC883F57C5C3456D79F36682 /* [CP] Copy Pods Resources */,
				0D866B0B1E2369F8007EF789 /* ShellScript */,
			);
			buildRules = (
			);
			dependencies = (
			);
			name = LYSCalendar;
			productName = LYSCalendar;
			productReference = 0DB2B2F01E1CA0E700AD6B75 /* LYSCalendar.app */;
			productType = "com.apple.product-type.application";
		};
/* End PBXNativeTarget section */

/* Begin PBXProject section */
		0DB2B2E81E1CA0E700AD6B75 /* Project object */ = {
			isa = PBXProject;
			attributes = {
				LastUpgradeCheck = 0820;
				ORGANIZATIONNAME = "刘永生";
				TargetAttributes = {
					0DB2B2EF1E1CA0E700AD6B75 = {
						CreatedOnToolsVersion = 8.2.1;
						DevelopmentTeam = 44SX5B76HK;
						ProvisioningStyle = Manual;
					};
				};
			};
			buildConfigurationList = 0DB2B2EB1E1CA0E700AD6B75 /* Build configuration list for PBXProject "LYSCalendar" */;
			compatibilityVersion = "Xcode 3.2";
			developmentRegion = English;
			hasScannedForEncodings = 0;
			knownRegions = (
				en,
				Base,
			);
			mainGroup = 0DB2B2E71E1CA0E700AD6B75;
			productRefGroup = 0DB2B2F11E1CA0E700AD6B75 /* Products */;
			projectDirPath = "";
			projectRoot = "";
			targets = (
				0DB2B2EF1E1CA0E700AD6B75 /* LYSCalendar */,
			);
		};
/* End PBXProject section */

/* Begin PBXResourcesBuildPhase section */
		0DB2B2EE1E1CA0E700AD6B75 /* Resources */ = {
			isa = PBXResourcesBuildPhase;
			buildActionMask = 2147483647;
			files = (
				0DB2B3031E1CA0E700AD6B75 /* LaunchScreen.storyboard in Resources */,
				0DB2B3001E1CA0E700AD6B75 /* Assets.xcassets in Resources */,
				0DB2B2FE1E1CA0E700AD6B75 /* Main.storyboard in Resources */,
			);
			runOnlyForDeploymentPostprocessing = 0;
		};
/* End PBXResourcesBuildPhase section */

/* Begin PBXShellScriptBuildPhase section */
		0D866B0B1E2369F8007EF789 /* ShellScript */ = {
			isa = PBXShellScriptBuildPhase;
			buildActionMask = 2147483647;
			files = (
			);
			inputPaths = (
			);
			outputPaths = (
			);
			runOnlyForDeploymentPostprocessing = 0;
			shellPath = /bin/sh;
			shellScript = "";
		};
		49749E07EBB19282EDD8C8DC /* [CP] Embed Pods Frameworks */ = {
			isa = PBXShellScriptBuildPhase;
			buildActionMask = 2147483647;
			files = (
			);
			inputPaths = (
			);
			name = "[CP] Embed Pods Frameworks";
			outputPaths = (
			);
			runOnlyForDeploymentPostprocessing = 0;
			shellPath = /bin/sh;
			shellScript = "\"${SRCROOT}/Pods/Target Support Files/Pods-LYSCalendar/Pods-LYSCalendar-frameworks.sh\"\n";
			showEnvVarsInLog = 0;
		};
		7A34A2F6E60AA52023F0ED27 /* [CP] Check Pods Manifest.lock */ = {
			isa = PBXShellScriptBuildPhase;
			buildActionMask = 2147483647;
			files = (
			);
			inputPaths = (
			);
			name = "[CP] Check Pods Manifest.lock";
			outputPaths = (
			);
			runOnlyForDeploymentPostprocessing = 0;
			shellPath = /bin/sh;
			shellScript = "diff \"${PODS_ROOT}/../Podfile.lock\" \"${PODS_ROOT}/Manifest.lock\" > /dev/null\nif [ $? != 0 ] ; then\n    # print error to STDERR\n    echo \"error: The sandbox is not in sync with the Podfile.lock. Run 'pod install' or update your CocoaPods installation.\" >&2\n    exit 1\nfi\n";
			showEnvVarsInLog = 0;
		};
		BC883F57C5C3456D79F36682 /* [CP] Copy Pods Resources */ = {
			isa = PBXShellScriptBuildPhase;
			buildActionMask = 2147483647;
			files = (
			);
			inputPaths = (
			);
			name = "[CP] Copy Pods Resources";
			outputPaths = (
			);
			runOnlyForDeploymentPostprocessing = 0;
			shellPath = /bin/sh;
			shellScript = "\"${SRCROOT}/Pods/Target Support Files/Pods-LYSCalendar/Pods-LYSCalendar-resources.sh\"\n";
			showEnvVarsInLog = 0;
		};
/* End PBXShellScriptBuildPhase section */

/* Begin PBXSourcesBuildPhase section */
		0DB2B2EC1E1CA0E700AD6B75 /* Sources */ = {
			isa = PBXSourcesBuildPhase;
			buildActionMask = 2147483647;
			files = (
				0D42516F1E28C1720057D7BE /* LYSCalendarPageView.m in Sources */,
				0D4251781E28CF370057D7BE /* LYSCalendarDayView.m in Sources */,
				0D4251691E28BED80057D7BE /* LYSCalendarHeaderView.m in Sources */,
				0DB2B2FB1E1CA0E700AD6B75 /* ViewController.m in Sources */,
				0D4251721E28C18E0057D7BE /* LYSCalendarPageStartView.m in Sources */,
				0D4251751E28C1A30057D7BE /* LYSCalendarPageEndView.m in Sources */,
				0D4251641E28BD380057D7BE /* LYSCalendar.m in Sources */,
				0D42516C1E28C0270057D7BE /* LYSCalendarFooterView.m in Sources */,
				0DB2B2F81E1CA0E700AD6B75 /* AppDelegate.m in Sources */,
				0D4251571E28A8AF0057D7BE /* DrawViewController.m in Sources */,
				0D02FEC21E21BDF10077B067 /* LYSBaseCtrl.m in Sources */,
				0D02FEC51E21C1360077B067 /* TestViewController.m in Sources */,
				0DB2B2F51E1CA0E700AD6B75 /* main.m in Sources */,
			);
			runOnlyForDeploymentPostprocessing = 0;
		};
/* End PBXSourcesBuildPhase section */

/* Begin PBXVariantGroup section */
		0DB2B2FC1E1CA0E700AD6B75 /* Main.storyboard */ = {
			isa = PBXVariantGroup;
			children = (
				0DB2B2FD1E1CA0E700AD6B75 /* Base */,
			);
			name = Main.storyboard;
			sourceTree = "<group>";
		};
		0DB2B3011E1CA0E700AD6B75 /* LaunchScreen.storyboard */ = {
			isa = PBXVariantGroup;
			children = (
				0DB2B3021E1CA0E700AD6B75 /* Base */,
			);
			name = LaunchScreen.storyboard;
			sourceTree = "<group>";
		};
/* End PBXVariantGroup section */

/* Begin XCBuildConfiguration section */
		0DB2B3051E1CA0E700AD6B75 /* Debug */ = {
			isa = XCBuildConfiguration;
			buildSettings = {
				ALWAYS_SEARCH_USER_PATHS = NO;
				CLANG_ANALYZER_NONNULL = YES;
				CLANG_CXX_LANGUAGE_STANDARD = "gnu++0x";
				CLANG_CXX_LIBRARY = "libc++";
				CLANG_ENABLE_MODULES = YES;
				CLANG_ENABLE_OBJC_ARC = YES;
				CLANG_WARN_BOOL_CONVERSION = YES;
				CLANG_WARN_CONSTANT_CONVERSION = YES;
				CLANG_WARN_DIRECT_OBJC_ISA_USAGE = YES_ERROR;
				CLANG_WARN_DOCUMENTATION_COMMENTS = YES;
				CLANG_WARN_EMPTY_BODY = YES;
				CLANG_WARN_ENUM_CONVERSION = YES;
				CLANG_WARN_INFINITE_RECURSION = YES;
				CLANG_WARN_INT_CONVERSION = YES;
				CLANG_WARN_OBJC_ROOT_CLASS = YES_ERROR;
				CLANG_WARN_SUSPICIOUS_MOVE = YES;
				CLANG_WARN_UNREACHABLE_CODE = YES;
				CLANG_WARN__DUPLICATE_METHOD_MATCH = YES;
				"CODE_SIGN_IDENTITY[sdk=iphoneos*]" = "iPhone Developer";
				COPY_PHASE_STRIP = NO;
				DEBUG_INFORMATION_FORMAT = dwarf;
				ENABLE_STRICT_OBJC_MSGSEND = YES;
				ENABLE_TESTABILITY = YES;
				GCC_C_LANGUAGE_STANDARD = gnu99;
				GCC_DYNAMIC_NO_PIC = NO;
				GCC_NO_COMMON_BLOCKS = YES;
				GCC_OPTIMIZATION_LEVEL = 0;
				GCC_PREPROCESSOR_DEFINITIONS = (
					"DEBUG=1",
					"$(inherited)",
				);
				GCC_WARN_64_TO_32_BIT_CONVERSION = YES;
				GCC_WARN_ABOUT_RETURN_TYPE = YES_ERROR;
				GCC_WARN_UNDECLARED_SELECTOR = YES;
				GCC_WARN_UNINITIALIZED_AUTOS = YES_AGGRESSIVE;
				GCC_WARN_UNUSED_FUNCTION = YES;
				GCC_WARN_UNUSED_VARIABLE = YES;
				IPHONEOS_DEPLOYMENT_TARGET = 8.0;
				MTL_ENABLE_DEBUG_INFO = YES;
				ONLY_ACTIVE_ARCH = YES;
				SDKROOT = iphoneos;
				TARGETED_DEVICE_FAMILY = "1,2";
			};
			name = Debug;
		};
		0DB2B3061E1CA0E700AD6B75 /* Release */ = {
			isa = XCBuildConfiguration;
			buildSettings = {
				ALWAYS_SEARCH_USER_PATHS = NO;
				CLANG_ANALYZER_NONNULL = YES;
				CLANG_CXX_LANGUAGE_STANDARD = "gnu++0x";
				CLANG_CXX_LIBRARY = "libc++";
				CLANG_ENABLE_MODULES = YES;
				CLANG_ENABLE_OBJC_ARC = YES;
				CLANG_WARN_BOOL_CONVERSION = YES;
				CLANG_WARN_CONSTANT_CONVERSION = YES;
				CLANG_WARN_DIRECT_OBJC_ISA_USAGE = YES_ERROR;
				CLANG_WARN_DOCUMENTATION_COMMENTS = YES;
				CLANG_WARN_EMPTY_BODY = YES;
				CLANG_WARN_ENUM_CONVERSION = YES;
				CLANG_WARN_INFINITE_RECURSION = YES;
				CLANG_WARN_INT_CONVERSION = YES;
				CLANG_WARN_OBJC_ROOT_CLASS = YES_ERROR;
				CLANG_WARN_SUSPICIOUS_MOVE = YES;
				CLANG_WARN_UNREACHABLE_CODE = YES;
				CLANG_WARN__DUPLICATE_METHOD_MATCH = YES;
				"CODE_SIGN_IDENTITY[sdk=iphoneos*]" = "iPhone Developer";
				COPY_PHASE_STRIP = NO;
				DEBUG_INFORMATION_FORMAT = "dwarf-with-dsym";
				ENABLE_NS_ASSERTIONS = NO;
				ENABLE_STRICT_OBJC_MSGSEND = YES;
				GCC_C_LANGUAGE_STANDARD = gnu99;
				GCC_NO_COMMON_BLOCKS = YES;
				GCC_WARN_64_TO_32_BIT_CONVERSION = YES;
				GCC_WARN_ABOUT_RETURN_TYPE = YES_ERROR;
				GCC_WARN_UNDECLARED_SELECTOR = YES;
				GCC_WARN_UNINITIALIZED_AUTOS = YES_AGGRESSIVE;
				GCC_WARN_UNUSED_FUNCTION = YES;
				GCC_WARN_UNUSED_VARIABLE = YES;
				IPHONEOS_DEPLOYMENT_TARGET = 8.0;
				MTL_ENABLE_DEBUG_INFO = NO;
				SDKROOT = iphoneos;
				TARGETED_DEVICE_FAMILY = "1,2";
				VALIDATE_PRODUCT = YES;
			};
			name = Release;
		};
		0DB2B3081E1CA0E700AD6B75 /* Debug */ = {
			isa = XCBuildConfiguration;
			baseConfigurationReference = 3666FA5256DC72718AC53524 /* Pods-LYSCalendar.debug.xcconfig */;
			buildSettings = {
				ASSETCATALOG_COMPILER_APPICON_NAME = AppIcon;
				DEVELOPMENT_TEAM = 44SX5B76HK;
				INFOPLIST_FILE = LYSCalendar/Info.plist;
				IPHONEOS_DEPLOYMENT_TARGET = 8.0;
				LD_RUNPATH_SEARCH_PATHS = "$(inherited) @executable_path/Frameworks";
				PRODUCT_BUNDLE_IDENTIFIER = com.nongfadai.LYSCalendar;
				PRODUCT_NAME = "$(TARGET_NAME)";
				PROVISIONING_PROFILE = "043233e8-326d-4ef6-b6a9-f6d524ba20f2";
				PROVISIONING_PROFILE_SPECIFIER = nfd_lys_deve;
			};
			name = Debug;
		};
		0DB2B3091E1CA0E700AD6B75 /* Release */ = {
			isa = XCBuildConfiguration;
			baseConfigurationReference = 7D2B2D6610DBB0E872628DC5 /* Pods-LYSCalendar.release.xcconfig */;
			buildSettings = {
				ASSETCATALOG_COMPILER_APPICON_NAME = AppIcon;
				DEVELOPMENT_TEAM = "";
				INFOPLIST_FILE = LYSCalendar/Info.plist;
				IPHONEOS_DEPLOYMENT_TARGET = 8.0;
				LD_RUNPATH_SEARCH_PATHS = "$(inherited) @executable_path/Frameworks";
				PRODUCT_BUNDLE_IDENTIFIER = com.nongfadai.LYSCalendar;
				PRODUCT_NAME = "$(TARGET_NAME)";
			};
			name = Release;
		};
/* End XCBuildConfiguration section */

/* Begin XCConfigurationList section */
		0DB2B2EB1E1CA0E700AD6B75 /* Build configuration list for PBXProject "LYSCalendar" */ = {
			isa = XCConfigurationList;
			buildConfigurations = (
				0DB2B3051E1CA0E700AD6B75 /* Debug */,
				0DB2B3061E1CA0E700AD6B75 /* Release */,
			);
			defaultConfigurationIsVisible = 0;
			defaultConfigurationName = Release;
		};
		0DB2B3071E1CA0E700AD6B75 /* Build configuration list for PBXNativeTarget "LYSCalendar" */ = {
			isa = XCConfigurationList;
			buildConfigurations = (
				0DB2B3081E1CA0E700AD6B75 /* Debug */,
				0DB2B3091E1CA0E700AD6B75 /* Release */,
			);
			defaultConfigurationIsVisible = 0;
			defaultConfigurationName = Release;
		};
/* End XCConfigurationList section */
	};
	rootObject = 0DB2B2E81E1CA0E700AD6B75 /* Project object */;
}
